
Microsoft Visual Studio Solution File, Format Version 12.00
# Visual Studio Version 17
VisualStudioVersion = 17.5.002.0
MinimumVisualStudioVersion = 10.0.40219.1
Project("{9A19103F-16F7-4668-BE54-9A1E7A4F7556}") = "AlcoolOuGasolina", "AlcoolOuGasolina.csproj", "{4190FE9F-9330-4E3F-B7C3-1025E78FE6D1}"
EndProject
Global
	GlobalSection(SolutionConfigurationPlatforms) = preSolution
		Debug|Any CPU = Debug|Any CPU
		Release|Any CPU = Release|Any CPU
	EndGlobalSection
	GlobalSection(ProjectConfigurationPlatforms) = postSolution
		{4190FE9F-9330-4E3F-B7C3-1025E78FE6D1}.Debug|Any CPU.ActiveCfg = Debug|Any CPU
		{4190FE9F-9330-4E3F-B7C3-1025E78FE6D1}.Debug|Any CPU.Build.0 = Debug|Any CPU
		{4190FE9F-9330-4E3F-B7C3-1025E78FE6D1}.Release|Any CPU.ActiveCfg = Release|Any CPU
		{4190FE9F-9330-4E3F-B7C3-1025E78FE6D1}.Release|Any CPU.Build.0 = Release|Any CPU
	EndGlobalSection
	GlobalSection(SolutionProperties) = preSolution
		HideSolutionNode = FALSE
	EndGlobalSection
	GlobalSection(ExtensibilityGlobals) = postSolution
		SolutionGuid = {CDE7E051-9616-4770-A448-9DF6B3D1A984}
	EndGlobalSection
EndGlobal
